
Microsoft Visual Studio Solution File, Format Version 12.00
# Visual Studio 14
VisualStudioVersion = 14.0.24720.0
MinimumVisualStudioVersion = 10.0.40219.1
Project("{FAE04EC0-301F-11D3-BF4B-00C04F79EFBC}") = "WpfSharpDXApp", "WpfSharpDXApp\WpfSharpDXApp.csproj", "{B28B38C8-B675-4F8C-87AB-506A5CDBEACD}"
EndProject
Global
	GlobalSection(SolutionConfigurationPlatforms) = preSolution
		Debug|Any CPU = Debug|Any CPU
		Release|Any CPU = Release|Any CPU
	EndGlobalSection
	GlobalSection(ProjectConfigurationPlatforms) = postSolution
		{B28B38C8-B675-4F8C-87AB-506A5CDBEACD}.Debug|Any CPU.ActiveCfg = Debug|Any CPU
		{B28B38C8-B675-4F8C-87AB-506A5CDBEACD}.Debug|Any CPU.Build.0 = Debug|Any CPU
		{B28B38C8-B675-4F8C-87AB-506A5CDBEACD}.Release|Any CPU.ActiveCfg = Release|Any CPU
		{B28B38C8-B675-4F8C-87AB-506A5CDBEACD}.Release|Any CPU.Build.0 = Release|Any CPU
	EndGlobalSection
	GlobalSection(SolutionProperties) = preSolution
		HideSolutionNode = FALSE
	EndGlobalSection
EndGlobal
